// !$*UTF8*$!
{
	archiveVersion = 1;
	classes = {
	};
	objectVersion = 50;
	objects = {

/* Begin PBXBuildFile section */
		D563AC6526C2381D00F6584D /* AppDelegate.swift in Sources */ = {isa = PBXBuildFile; fileRef = D563AC6426C2381D00F6584D /* AppDelegate.swift */; };
		D563AC6726C2381D00F6584D /* SceneDelegate.swift in Sources */ = {isa = PBXBuildFile; fileRef = D563AC6626C2381D00F6584D /* SceneDelegate.swift */; };
		D563AC6C26C2381D00F6584D /* Main.storyboard in Resources */ = {isa = PBXBuildFile; fileRef = D563AC6A26C2381D00F6584D /* Main.storyboard */; };
		D563AC6E26C2381F00F6584D /* Assets.xcassets in Resources */ = {isa = PBXBuildFile; fileRef = D563AC6D26C2381F00F6584D /* Assets.xcassets */; };
		D563AC7126C2381F00F6584D /* LaunchScreen.storyboard in Resources */ = {isa = PBXBuildFile; fileRef = D563AC6F26C2381F00F6584D /* LaunchScreen.storyboard */; };
		D563AC7B26C6D3D900F6584D /* ShibuInuVC.swift in Sources */ = {isa = PBXBuildFile; fileRef = D563AC7A26C6D3D900F6584D /* ShibuInuVC.swift */; };
		D563AC7D26C6D4DF00F6584D /* NetworkManager.swift in Sources */ = {isa = PBXBuildFile; fileRef = D563AC7C26C6D4DF00F6584D /* NetworkManager.swift */; };
		D563AC7F26C6DE3300F6584D /* SLImageView.swift in Sources */ = {isa = PBXBuildFile; fileRef = D563AC7E26C6DE3300F6584D /* SLImageView.swift */; };
/* End PBXBuildFile section */

/* Begin PBXFileReference section */
		D563AC6126C2381D00F6584D /* ShibInuLover.app */ = {isa = PBXFileReference; explicitFileType = wrapper.application; includeInIndex = 0; path = ShibInuLover.app; sourceTree = BUILT_PRODUCTS_DIR; };
		D563AC6426C2381D00F6584D /* AppDelegate.swift */ = {isa = PBXFileReference; lastKnownFileType = sourcecode.swift; path = AppDelegate.swift; sourceTree = "<group>"; };
		D563AC6626C2381D00F6584D /* SceneDelegate.swift */ = {isa = PBXFileReference; lastKnownFileType = sourcecode.swift; path = SceneDelegate.swift; sourceTree = "<group>"; };
		D563AC6B26C2381D00F6584D /* Base */ = {isa = PBXFileReference; lastKnownFileType = file.storyboard; name = Base; path = Base.lproj/Main.storyboard; sourceTree = "<group>"; };
		D563AC6D26C2381F00F6584D /* Assets.xcassets */ = {isa = PBXFileReference; lastKnownFileType = folder.assetcatalog; path = Assets.xcassets; sourceTree = "<group>"; };
		D563AC7026C2381F00F6584D /* Base */ = {isa = PBXFileReference; lastKnownFileType = file.storyboard; name = Base; path = Base.lproj/LaunchScreen.storyboard; sourceTree = "<group>"; };
		D563AC7226C2381F00F6584D /* Info.plist */ = {isa = PBXFileReference; lastKnownFileType = text.plist.xml; path = Info.plist; sourceTree = "<group>"; };
		D563AC7A26C6D3D900F6584D /* ShibuInuVC.swift */ = {isa = PBXFileReference; lastKnownFileType = sourcecode.swift; path = ShibuInuVC.swift; sourceTree = "<group>"; };
		D563AC7C26C6D4DF00F6584D /* NetworkManager.swift */ = {isa = PBXFileReference; lastKnownFileType = sourcecode.swift; path = NetworkManager.swift; sourceTree = "<group>"; };
		D563AC7E26C6DE3300F6584D /* SLImageView.swift */ = {isa = PBXFileReference; lastKnownFileType = sourcecode.swift; path = SLImageView.swift; sourceTree = "<group>"; };
/* End PBXFileReference section */

/* Begin PBXFrameworksBuildPhase section */
		D563AC5E26C2381D00F6584D /* Frameworks */ = {
			isa = PBXFrameworksBuildPhase;
			buildActionMask = 2147483647;
			files = (
			);
			runOnlyForDeploymentPostprocessing = 0;
		};
/* End PBXFrameworksBuildPhase section */

/* Begin PBXGroup section */
		D563AC5826C2381D00F6584D = {
			isa = PBXGroup;
			children = (
				D563AC6326C2381D00F6584D /* ShibInuLover */,
				D563AC6226C2381D00F6584D /* Products */,
			);
			sourceTree = "<group>";
		};
		D563AC6226C2381D00F6584D /* Products */ = {
			isa = PBXGroup;
			children = (
				D563AC6126C2381D00F6584D /* ShibInuLover.app */,
			);
			name = Products;
			sourceTree = "<group>";
		};
		D563AC6326C2381D00F6584D /* ShibInuLover */ = {
			isa = PBXGroup;
			children = (
				D563AC6426C2381D00F6584D /* AppDelegate.swift */,
				D563AC6626C2381D00F6584D /* SceneDelegate.swift */,
				D563AC7A26C6D3D900F6584D /* ShibuInuVC.swift */,
				D563AC7E26C6DE3300F6584D /* SLImageView.swift */,
				D563AC7C26C6D4DF00F6584D /* NetworkManager.swift */,
				D563AC6A26C2381D00F6584D /* Main.storyboard */,
				D563AC6D26C2381F00F6584D /* Assets.xcassets */,
				D563AC6F26C2381F00F6584D /* LaunchScreen.storyboard */,
				D563AC7226C2381F00F6584D /* Info.plist */,
			);
			path = ShibInuLover;
			sourceTree = "<group>";
		};
/* End PBXGroup section */

/* Begin PBXNativeTarget section */
		D563AC6026C2381D00F6584D /* ShibInuLover */ = {
			isa = PBXNativeTarget;
			buildConfigurationList = D563AC7526C2381F00F6584D /* Build configuration list for PBXNativeTarget "ShibInuLover" */;
			buildPhases = (
				D563AC5D26C2381D00F6584D /* Sources */,
				D563AC5E26C2381D00F6584D /* Frameworks */,
				D563AC5F26C2381D00F6584D /* Resources */,
			);
			buildRules = (
			);
			dependencies = (
			);
			name = ShibInuLover;
			productName = ShibInuLover;
			productReference = D563AC6126C2381D00F6584D /* ShibInuLover.app */;
			productType = "com.apple.product-type.application";
		};
/* End PBXNativeTarget section */

/* Begin PBXProject section */
		D563AC5926C2381D00F6584D /* Project object */ = {
			isa = PBXProject;
			attributes = {
				LastSwiftUpdateCheck = 1250;
				LastUpgradeCheck = 1250;
				TargetAttributes = {
					D563AC6026C2381D00F6584D = {
						CreatedOnToolsVersion = 12.5.1;
					};
				};
			};
			buildConfigurationList = D563AC5C26C2381D00F6584D /* Build configuration list for PBXProject "ShibInuLover" */;
			compatibilityVersion = "Xcode 9.3";
			developmentRegion = en;
			hasScannedForEncodings = 0;
			knownRegions = (
				en,
				Base,
			);
			mainGroup = D563AC5826C2381D00F6584D;
			productRefGroup = D563AC6226C2381D00F6584D /* Products */;
			projectDirPath = "";
			projectRoot = "";
			targets = (
				D563AC6026C2381D00F6584D /* ShibInuLover */,
			);
		};
/* End PBXProject section */

/* Begin PBXResourcesBuildPhase section */
		D563AC5F26C2381D00F6584D /* Resources */ = {
			isa = PBXResourcesBuildPhase;
			buildActionMask = 2147483647;
			files = (
				D563AC7126C2381F00F6584D /* LaunchScreen.storyboard in Resources */,
				D563AC6E26C2381F00F6584D /* Assets.xcassets in Resources */,
				D563AC6C26C2381D00F6584D /* Main.storyboard in Resources */,
			);
			runOnlyForDeploymentPostprocessing = 0;
		};
/* End PBXResourcesBuildPhase section */

/* Begin PBXSourcesBuildPhase section */
		D563AC5D26C2381D00F6584D /* Sources */ = {
			isa = PBXSourcesBuildPhase;
			buildActionMask = 2147483647;
			files = (
				D563AC7D26C6D4DF00F6584D /* NetworkManager.swift in Sources */,
				D563AC6526C2381D00F6584D /* AppDelegate.swift in Sources */,
				D563AC6726C2381D00F6584D /* SceneDelegate.swift in Sources */,
				D563AC7B26C6D3D900F6584D /* ShibuInuVC.swift in Sources */,
				D563AC7F26C6DE3300F6584D /* SLImageView.swift in Sources */,
			);
			runOnlyForDeploymentPostprocessing = 0;
		};
/* End PBXSourcesBuildPhase section */

/* Begin PBXVariantGroup section */
		D563AC6A26C2381D00F6584D /* Main.storyboard */ = {
			isa = PBXVariantGroup;
			children = (
				D563AC6B26C2381D00F6584D /* Base */,
			);
			name = Main.storyboard;
			sourceTree = "<group>";
		};
		D563AC6F26C2381F00F6584D /* LaunchScreen.storyboard */ = {
			isa = PBXVariantGroup;
			children = (
				D563AC7026C2381F00F6584D /* Base */,
			);
			name = LaunchScreen.storyboard;
			sourceTree = "<group>";
		};
/* End PBXVariantGroup section */

/* Begin XCBuildConfiguration section */
		D563AC7326C2381F00F6584D /* Debug */ = {
			isa = XCBuildConfiguration;
			buildSettings = {
				ALWAYS_SEARCH_USER_PATHS = NO;
				CLANG_ANALYZER_NONNULL = YES;
				CLANG_ANALYZER_NUMBER_OBJECT_CONVERSION = YES_AGGRESSIVE;
				CLANG_CXX_LANGUAGE_STANDARD = "gnu++14";
				CLANG_CXX_LIBRARY = "libc++";
				CLANG_ENABLE_MODULES = YES;
				CLANG_ENABLE_OBJC_ARC = YES;
				CLANG_ENABLE_OBJC_WEAK = YES;
				CLANG_WARN_BLOCK_CAPTURE_AUTORELEASING = YES;
				CLANG_WARN_BOOL_CONVERSION = YES;
				CLANG_WARN_COMMA = YES;
				CLANG_WARN_CONSTANT_CONVERSION = YES;
				CLANG_WARN_DEPRECATED_OBJC_IMPLEMENTATIONS = YES;
				CLANG_WARN_DIRECT_OBJC_ISA_USAGE = YES_ERROR;
				CLANG_WARN_DOCUMENTATION_COMMENTS = YES;
				CLANG_WARN_EMPTY_BODY = YES;
				CLANG_WARN_ENUM_CONVERSION = YES;
				CLANG_WARN_INFINITE_RECURSION = YES;
				CLANG_WARN_INT_CONVERSION = YES;
				CLANG_WARN_NON_LITERAL_NULL_CONVERSION = YES;
				CLANG_WARN_OBJC_IMPLICIT_RETAIN_SELF = YES;
				CLANG_WARN_OBJC_LITERAL_CONVERSION = YES;
				CLANG_WARN_OBJC_ROOT_CLASS = YES_ERROR;
				CLANG_WARN_QUOTED_INCLUDE_IN_FRAMEWORK_HEADER = YES;
				CLANG_WARN_RANGE_LOOP_ANALYSIS = YES;
				CLANG_WARN_STRICT_PROTOTYPES = YES;
				CLANG_WARN_SUSPICIOUS_MOVE = YES;
				CLANG_WARN_UNGUARDED_AVAILABILITY = YES_AGGRESSIVE;
				CLANG_WARN_UNREACHABLE_CODE = YES;
				CLANG_WARN__DUPLICATE_METHOD_MATCH = YES;
				COPY_PHASE_STRIP = NO;
				DEBUG_INFORMATION_FORMAT = dwarf;
				ENABLE_STRICT_OBJC_MSGSEND = YES;
				ENABLE_TESTABILITY = YES;
				GCC_C_LANGUAGE_STANDARD = gnu11;
				GCC_DYNAMIC_NO_PIC = NO;
				GCC_NO_COMMON_BLOCKS = YES;
				GCC_OPTIMIZATION_LEVEL = 0;
				GCC_PREPROCESSOR_DEFINITIONS = (
					"DEBUG=1",
					"$(inherited)",
				);
				GCC_WARN_64_TO_32_BIT_CONVERSION = YES;
				GCC_WARN_ABOUT_RETURN_TYPE = YES_ERROR;
				GCC_WARN_UNDECLARED_SELECTOR = YES;
				GCC_WARN_UNINITIALIZED_AUTOS = YES_AGGRESSIVE;
				GCC_WARN_UNUSED_FUNCTION = YES;
				GCC_WARN_UNUSED_VARIABLE = YES;
				IPHONEOS_DEPLOYMENT_TARGET = 14.5;
				MTL_ENABLE_DEBUG_INFO = INCLUDE_SOURCE;
				MTL_FAST_MATH = YES;
				ONLY_ACTIVE_ARCH = YES;
				SDKROOT = iphoneos;
				SWIFT_ACTIVE_COMPILATION_CONDITIONS = DEBUG;
				SWIFT_OPTIMIZATION_LEVEL = "-Onone";
			};
			name = Debug;
		};
		D563AC7426C2381F00F6584D /* Release */ = {
			isa = XCBuildConfiguration;
			buildSettings = {
				ALWAYS_SEARCH_USER_PATHS = NO;
				CLANG_ANALYZER_NONNULL = YES;
				CLANG_ANALYZER_NUMBER_OBJECT_CONVERSION = YES_AGGRESSIVE;
				CLANG_CXX_LANGUAGE_STANDARD = "gnu++14";
				CLANG_CXX_LIBRARY = "libc++";
				CLANG_ENABLE_MODULES = YES;
				CLANG_ENABLE_OBJC_ARC = YES;
				CLANG_ENABLE_OBJC_WEAK = YES;
				CLANG_WARN_BLOCK_CAPTURE_AUTORELEASING = YES;
				CLANG_WARN_BOOL_CONVERSION = YES;
				CLANG_WARN_COMMA = YES;
				CLANG_WARN_CONSTANT_CONVERSION = YES;
				CLANG_WARN_DEPRECATED_OBJC_IMPLEMENTATIONS = YES;
				CLANG_WARN_DIRECT_OBJC_ISA_USAGE = YES_ERROR;
				CLANG_WARN_DOCUMENTATION_COMMENTS = YES;
				CLANG_WARN_EMPTY_BODY = YES;
				CLANG_WARN_ENUM_CONVERSION = YES;
				CLANG_WARN_INFINITE_RECURSION = YES;
				CLANG_WARN_INT_CONVERSION = YES;
				CLANG_WARN_NON_LITERAL_NULL_CONVERSION = YES;
				CLANG_WARN_OBJC_IMPLICIT_RETAIN_SELF = YES;
				CLANG_WARN_OBJC_LITERAL_CONVERSION = YES;
				CLANG_WARN_OBJC_ROOT_CLASS = YES_ERROR;
				CLANG_WARN_QUOTED_INCLUDE_IN_FRAMEWORK_HEADER = YES;
				CLANG_WARN_RANGE_LOOP_ANALYSIS = YES;
				CLANG_WARN_STRICT_PROTOTYPES = YES;
				CLANG_WARN_SUSPICIOUS_MOVE = YES;
				CLANG_WARN_UNGUARDED_AVAILABILITY = YES_AGGRESSIVE;
				CLANG_WARN_UNREACHABLE_CODE = YES;
				CLANG_WARN__DUPLICATE_METHOD_MATCH = YES;
				COPY_PHASE_STRIP = NO;
				DEBUG_INFORMATION_FORMAT = "dwarf-with-dsym";
				ENABLE_NS_ASSERTIONS = NO;
				ENABLE_STRICT_OBJC_MSGSEND = YES;
				GCC_C_LANGUAGE_STANDARD = gnu11;
				GCC_NO_COMMON_BLOCKS = YES;
				GCC_WARN_64_TO_32_BIT_CONVERSION = YES;
				GCC_WARN_ABOUT_RETURN_TYPE = YES_ERROR;
				GCC_WARN_UNDECLARED_SELECTOR = YES;
				GCC_WARN_UNINITIALIZED_AUTOS = YES_AGGRESSIVE;
				GCC_WARN_UNUSED_FUNCTION = YES;
				GCC_WARN_UNUSED_VARIABLE = YES;
				IPHONEOS_DEPLOYMENT_TARGET = 14.5;
				MTL_ENABLE_DEBUG_INFO = NO;
				MTL_FAST_MATH = YES;
				SDKROOT = iphoneos;
				SWIFT_COMPILATION_MODE = wholemodule;
				SWIFT_OPTIMIZATION_LEVEL = "-O";
				VALIDATE_PRODUCT = YES;
			};
			name = Release;
		};
		D563AC7626C2381F00F6584D /* Debug */ = {
			isa = XCBuildConfiguration;
			buildSettings = {
				ASSETCATALOG_COMPILER_APPICON_NAME = AppIcon;
				ASSETCATALOG_COMPILER_GLOBAL_ACCENT_COLOR_NAME = AccentColor;
				CODE_SIGN_STYLE = Automatic;
				DEVELOPMENT_TEAM = JY2RCYR56C;
				INFOPLIST_FILE = ShibInuLover/Info.plist;
				IPHONEOS_DEPLOYMENT_TARGET = 13.0;
				LD_RUNPATH_SEARCH_PATHS = (
					"$(inherited)",
					"@executable_path/Frameworks",
				);
				PRODUCT_BUNDLE_IDENTIFIER = com.RyanMatsuo.ShibInuLover;
				PRODUCT_NAME = "$(TARGET_NAME)";
				SWIFT_VERSION = 5.0;
				TARGETED_DEVICE_FAMILY = 1;
			};
			name = Debug;
		};
		D563AC7726C2381F00F6584D /* Release */ = {
			isa = XCBuildConfiguration;
			buildSettings = {
				ASSETCATALOG_COMPILER_APPICON_NAME = AppIcon;
				ASSETCATALOG_COMPILER_GLOBAL_ACCENT_COLOR_NAME = AccentColor;
				CODE_SIGN_STYLE = Automatic;
				DEVELOPMENT_TEAM = JY2RCYR56C;
				INFOPLIST_FILE = ShibInuLover/Info.plist;
				IPHONEOS_DEPLOYMENT_TARGET = 13.0;
				LD_RUNPATH_SEARCH_PATHS = (
					"$(inherited)",
					"@executable_path/Frameworks",
				);
				PRODUCT_BUNDLE_IDENTIFIER = com.RyanMatsuo.ShibInuLover;
				PRODUCT_NAME = "$(TARGET_NAME)";
				SWIFT_VERSION = 5.0;
				TARGETED_DEVICE_FAMILY = 1;
			};
			name = Release;
		};
/* End XCBuildConfiguration section */

/* Begin XCConfigurationList section */
		D563AC5C26C2381D00F6584D /* Build configuration list for PBXProject "ShibInuLover" */ = {
			isa = XCConfigurationList;
			buildConfigurations = (
				D563AC7326C2381F00F6584D /* Debug */,
				D563AC7426C2381F00F6584D /* Release */,
			);
			defaultConfigurationIsVisible = 0;
			defaultConfigurationName = Release;
		};
		D563AC7526C2381F00F6584D /* Build configuration list for PBXNativeTarget "ShibInuLover" */ = {
			isa = XCConfigurationList;
			buildConfigurations = (
				D563AC7626C2381F00F6584D /* Debug */,
				D563AC7726C2381F00F6584D /* Release */,
			);
			defaultConfigurationIsVisible = 0;
			defaultConfigurationName = Release;
		};
/* End XCConfigurationList section */
	};
	rootObject = D563AC5926C2381D00F6584D /* Project object */;
}
